
Microsoft Visual Studio Solution File, Format Version 12.00
# Visual Studio 2013
VisualStudioVersion = 12.0.31101.0
MinimumVisualStudioVersion = 10.0.40219.1
Project("{FAE04EC0-301F-11D3-BF4B-00C04F79EFBC}") = "Client", "Client\Client.csproj", "{987EE8C9-B29D-474F-BFB6-E3CF0EE01127}"
EndProject
Project("{FAE04EC0-301F-11D3-BF4B-00C04F79EFBC}") = "Server", "Server\Server.csproj", "{48B1336A-C367-41BB-84CE-7F1065E54AE1}"
EndProject
Global
	GlobalSection(SolutionConfigurationPlatforms) = preSolution
		Debug|Any CPU = Debug|Any CPU
		Release|Any CPU = Release|Any CPU
	EndGlobalSection
	GlobalSection(ProjectConfigurationPlatforms) = postSolution
		{987EE8C9-B29D-474F-BFB6-E3CF0EE01127}.Debug|Any CPU.ActiveCfg = Debug|Any CPU
		{987EE8C9-B29D-474F-BFB6-E3CF0EE01127}.Debug|Any CPU.Build.0 = Debug|Any CPU
		{987EE8C9-B29D-474F-BFB6-E3CF0EE01127}.Release|Any CPU.ActiveCfg = Release|Any CPU
		{987EE8C9-B29D-474F-BFB6-E3CF0EE01127}.Release|Any CPU.Build.0 = Release|Any CPU
		{48B1336A-C367-41BB-84CE-7F1065E54AE1}.Debug|Any CPU.ActiveCfg = Debug|Any CPU
		{48B1336A-C367-41BB-84CE-7F1065E54AE1}.Debug|Any CPU.Build.0 = Debug|Any CPU
		{48B1336A-C367-41BB-84CE-7F1065E54AE1}.Release|Any CPU.ActiveCfg = Release|Any CPU
		{48B1336A-C367-41BB-84CE-7F1065E54AE1}.Release|Any CPU.Build.0 = Release|Any CPU
	EndGlobalSection
	GlobalSection(SolutionProperties) = preSolution
		HideSolutionNode = FALSE
	EndGlobalSection
EndGlobal
